
Microsoft Visual Studio Solution File, Format Version 12.00
# Visual Studio Version 17
VisualStudioVersion = 17.12.35707.178 d17.12
MinimumVisualStudioVersion = 10.0.40219.1
Project("{FAE04EC0-301F-11D3-BF4B-00C04F79EFBC}") = "FlameTome", "FlameTome\FlameTome.csproj", "{9D7CDE35-C209-4ED8-A3E1-490701DDDDAF}"
EndProject
Project("{2150E333-8FDC-42A3-9474-1A3956D46DE8}") = "Elementos de la solución", "Elementos de la solución", "{B1CB5552-09DE-4CD4-90F3-CF82ABC9EED7}"
	ProjectSection(SolutionItems) = preProject
		.gitignore = .gitignore
	EndProjectSection
EndProject
Global
	GlobalSection(SolutionConfigurationPlatforms) = preSolution
		Debug|Any CPU = Debug|Any CPU
		Release|Any CPU = Release|Any CPU
	EndGlobalSection
	GlobalSection(ProjectConfigurationPlatforms) = postSolution
		{9D7CDE35-C209-4ED8-A3E1-490701DDDDAF}.Debug|Any CPU.ActiveCfg = Debug|Any CPU
		{9D7CDE35-C209-4ED8-A3E1-490701DDDDAF}.Debug|Any CPU.Build.0 = Debug|Any CPU
		{9D7CDE35-C209-4ED8-A3E1-490701DDDDAF}.Release|Any CPU.ActiveCfg = Release|Any CPU
		{9D7CDE35-C209-4ED8-A3E1-490701DDDDAF}.Release|Any CPU.Build.0 = Release|Any CPU
	EndGlobalSection
	GlobalSection(SolutionProperties) = preSolution
		HideSolutionNode = FALSE
	EndGlobalSection
EndGlobal
